
Microsoft Visual Studio Solution File, Format Version 12.00
# Visual Studio Version 17
VisualStudioVersion = 17.6.33815.320
MinimumVisualStudioVersion = 10.0.40219.1
Project("{FAE04EC0-301F-11D3-BF4B-00C04F79EFBC}") = "LambdaExpression", "LambdaExpression\LambdaExpression.csproj", "{1B5F9834-0512-42C7-8313-26F6FD2D3701}"
EndProject
Global
	GlobalSection(SolutionConfigurationPlatforms) = preSolution
		Debug|Any CPU = Debug|Any CPU
		Release|Any CPU = Release|Any CPU
	EndGlobalSection
	GlobalSection(ProjectConfigurationPlatforms) = postSolution
		{1B5F9834-0512-42C7-8313-26F6FD2D3701}.Debug|Any CPU.ActiveCfg = Debug|Any CPU
		{1B5F9834-0512-42C7-8313-26F6FD2D3701}.Debug|Any CPU.Build.0 = Debug|Any CPU
		{1B5F9834-0512-42C7-8313-26F6FD2D3701}.Release|Any CPU.ActiveCfg = Release|Any CPU
		{1B5F9834-0512-42C7-8313-26F6FD2D3701}.Release|Any CPU.Build.0 = Release|Any CPU
	EndGlobalSection
	GlobalSection(SolutionProperties) = preSolution
		HideSolutionNode = FALSE
	EndGlobalSection
	GlobalSection(ExtensibilityGlobals) = postSolution
		SolutionGuid = {DDAA3178-2F38-4114-B3E7-DC062BBE8D19}
	EndGlobalSection
EndGlobal
